
Microsoft Visual Studio Solution File, Format Version 12.00
# Visual Studio 15
VisualStudioVersion = 15.0.28010.2041
MinimumVisualStudioVersion = 10.0.40219.1
Project("{FAE04EC0-301F-11D3-BF4B-00C04F79EFBC}") = "Blog", "Blog\Blog.csproj", "{EB95F131-C864-45D9-BABD-7EB949CBD831}"
EndProject
Global
	GlobalSection(SolutionConfigurationPlatforms) = preSolution
		Debug|Any CPU = Debug|Any CPU
		Release|Any CPU = Release|Any CPU
	EndGlobalSection
	GlobalSection(ProjectConfigurationPlatforms) = postSolution
		{EB95F131-C864-45D9-BABD-7EB949CBD831}.Debug|Any CPU.ActiveCfg = Debug|Any CPU
		{EB95F131-C864-45D9-BABD-7EB949CBD831}.Debug|Any CPU.Build.0 = Debug|Any CPU
		{EB95F131-C864-45D9-BABD-7EB949CBD831}.Release|Any CPU.ActiveCfg = Release|Any CPU
		{EB95F131-C864-45D9-BABD-7EB949CBD831}.Release|Any CPU.Build.0 = Release|Any CPU
	EndGlobalSection
	GlobalSection(SolutionProperties) = preSolution
		HideSolutionNode = FALSE
	EndGlobalSection
	GlobalSection(ExtensibilityGlobals) = postSolution
		SolutionGuid = {9F0EF924-E890-4C65-95C2-4972B3DB4FD3}
	EndGlobalSection
EndGlobal
